// !$*UTF8*$!
{
	archiveVersion = 1;
	classes = {
	};
	objectVersion = 46;
	objects = {

/* Begin PBXBuildFile section */
		1068DC921E7EAC5B00BFFB12 /* AppDelegate.swift in Sources */ = {isa = PBXBuildFile; fileRef = 1068DC911E7EAC5B00BFFB12 /* AppDelegate.swift */; };
		1068DC941E7EAC5B00BFFB12 /* ViewController.swift in Sources */ = {isa = PBXBuildFile; fileRef = 1068DC931E7EAC5B00BFFB12 /* ViewController.swift */; };
		1068DC971E7EAC5B00BFFB12 /* Main.storyboard in Resources */ = {isa = PBXBuildFile; fileRef = 1068DC951E7EAC5B00BFFB12 /* Main.storyboard */; };
		1068DC991E7EAC5B00BFFB12 /* Assets.xcassets in Resources */ = {isa = PBXBuildFile; fileRef = 1068DC981E7EAC5B00BFFB12 /* Assets.xcassets */; };
		1068DC9C1E7EAC5B00BFFB12 /* LaunchScreen.storyboard in Resources */ = {isa = PBXBuildFile; fileRef = 1068DC9A1E7EAC5B00BFFB12 /* LaunchScreen.storyboard */; };
		259364061E9204370095FD5B /* SlideMenuControllerSwift.framework in Frameworks */ = {isa = PBXBuildFile; fileRef = 259364051E9204370095FD5B /* SlideMenuControllerSwift.framework */; };
		259364091E9206030095FD5B /* SlideMenuControllerSwift.framework in CopyFiles */ = {isa = PBXBuildFile; fileRef = 259364051E9204370095FD5B /* SlideMenuControllerSwift.framework */; settings = {ATTRIBUTES = (CodeSignOnCopy, RemoveHeadersOnCopy, ); }; };
/* End PBXBuildFile section */

/* Begin PBXCopyFilesBuildPhase section */
		259364081E9205DE0095FD5B /* CopyFiles */ = {
			isa = PBXCopyFilesBuildPhase;
			buildActionMask = 2147483647;
			dstPath = "";
			dstSubfolderSpec = 10;
			files = (
				259364091E9206030095FD5B /* SlideMenuControllerSwift.framework in CopyFiles */,
			);
			runOnlyForDeploymentPostprocessing = 0;
		};
/* End PBXCopyFilesBuildPhase section */

/* Begin PBXFileReference section */
		1068DC8E1E7EAC5B00BFFB12 /* Sell It Now.app */ = {isa = PBXFileReference; explicitFileType = wrapper.application; includeInIndex = 0; path = "Sell It Now.app"; sourceTree = BUILT_PRODUCTS_DIR; };
		1068DC911E7EAC5B00BFFB12 /* AppDelegate.swift */ = {isa = PBXFileReference; lastKnownFileType = sourcecode.swift; path = AppDelegate.swift; sourceTree = "<group>"; };
		1068DC931E7EAC5B00BFFB12 /* ViewController.swift */ = {isa = PBXFileReference; lastKnownFileType = sourcecode.swift; path = ViewController.swift; sourceTree = "<group>"; };
		1068DC961E7EAC5B00BFFB12 /* Base */ = {isa = PBXFileReference; lastKnownFileType = file.storyboard; name = Base; path = Base.lproj/Main.storyboard; sourceTree = "<group>"; };
		1068DC981E7EAC5B00BFFB12 /* Assets.xcassets */ = {isa = PBXFileReference; lastKnownFileType = folder.assetcatalog; path = Assets.xcassets; sourceTree = "<group>"; };
		1068DC9B1E7EAC5B00BFFB12 /* Base */ = {isa = PBXFileReference; lastKnownFileType = file.storyboard; name = Base; path = Base.lproj/LaunchScreen.storyboard; sourceTree = "<group>"; };
		1068DC9D1E7EAC5B00BFFB12 /* Info.plist */ = {isa = PBXFileReference; lastKnownFileType = text.plist.xml; path = Info.plist; sourceTree = "<group>"; };
		259364051E9204370095FD5B /* SlideMenuControllerSwift.framework */ = {isa = PBXFileReference; lastKnownFileType = wrapper.framework; name = SlideMenuControllerSwift.framework; path = Carthage/Build/iOS/SlideMenuControllerSwift.framework; sourceTree = "<group>"; };
/* End PBXFileReference section */

/* Begin PBXFrameworksBuildPhase section */
		1068DC8B1E7EAC5B00BFFB12 /* Frameworks */ = {
			isa = PBXFrameworksBuildPhase;
			buildActionMask = 2147483647;
			files = (
				259364061E9204370095FD5B /* SlideMenuControllerSwift.framework in Frameworks */,
			);
			runOnlyForDeploymentPostprocessing = 0;
		};
/* End PBXFrameworksBuildPhase section */

/* Begin PBXGroup section */
		1068DC851E7EAC5B00BFFB12 = {
			isa = PBXGroup;
			children = (
				1068DC901E7EAC5B00BFFB12 /* Sell It Now */,
				1068DC8F1E7EAC5B00BFFB12 /* Products */,
				259364041E9204370095FD5B /* Frameworks */,
			);
			sourceTree = "<group>";
		};
		1068DC8F1E7EAC5B00BFFB12 /* Products */ = {
			isa = PBXGroup;
			children = (
				1068DC8E1E7EAC5B00BFFB12 /* Sell It Now.app */,
			);
			name = Products;
			sourceTree = "<group>";
		};
		1068DC901E7EAC5B00BFFB12 /* Sell It Now */ = {
			isa = PBXGroup;
			children = (
				1068DC911E7EAC5B00BFFB12 /* AppDelegate.swift */,
				1068DC931E7EAC5B00BFFB12 /* ViewController.swift */,
				1068DC951E7EAC5B00BFFB12 /* Main.storyboard */,
				1068DC981E7EAC5B00BFFB12 /* Assets.xcassets */,
				1068DC9A1E7EAC5B00BFFB12 /* LaunchScreen.storyboard */,
				1068DC9D1E7EAC5B00BFFB12 /* Info.plist */,
			);
			path = "Sell It Now";
			sourceTree = "<group>";
		};
		259364041E9204370095FD5B /* Frameworks */ = {
			isa = PBXGroup;
			children = (
				259364051E9204370095FD5B /* SlideMenuControllerSwift.framework */,
			);
			name = Frameworks;
			sourceTree = "<group>";
		};
/* End PBXGroup section */

/* Begin PBXNativeTarget section */
		1068DC8D1E7EAC5B00BFFB12 /* Sell It Now */ = {
			isa = PBXNativeTarget;
			buildConfigurationList = 1068DCA01E7EAC5B00BFFB12 /* Build configuration list for PBXNativeTarget "Sell It Now" */;
			buildPhases = (
				1068DC8A1E7EAC5B00BFFB12 /* Sources */,
				1068DC8B1E7EAC5B00BFFB12 /* Frameworks */,
				1068DC8C1E7EAC5B00BFFB12 /* Resources */,
				259364081E9205DE0095FD5B /* CopyFiles */,
			);
			buildRules = (
			);
			dependencies = (
			);
			name = "Sell It Now";
			productName = "Sell It Now";
			productReference = 1068DC8E1E7EAC5B00BFFB12 /* Sell It Now.app */;
			productType = "com.apple.product-type.application";
		};
/* End PBXNativeTarget section */

/* Begin PBXProject section */
		1068DC861E7EAC5B00BFFB12 /* Project object */ = {
			isa = PBXProject;
			attributes = {
				LastSwiftUpdateCheck = 0820;
				LastUpgradeCheck = 0820;
				ORGANIZATIONNAME = Onepiece;
				TargetAttributes = {
					1068DC8D1E7EAC5B00BFFB12 = {
						CreatedOnToolsVersion = 8.2.1;
						ProvisioningStyle = Automatic;
					};
				};
			};
			buildConfigurationList = 1068DC891E7EAC5B00BFFB12 /* Build configuration list for PBXProject "Sell It Now" */;
			compatibilityVersion = "Xcode 3.2";
			developmentRegion = English;
			hasScannedForEncodings = 0;
			knownRegions = (
				en,
				Base,
			);
			mainGroup = 1068DC851E7EAC5B00BFFB12;
			productRefGroup = 1068DC8F1E7EAC5B00BFFB12 /* Products */;
			projectDirPath = "";
			projectRoot = "";
			targets = (
				1068DC8D1E7EAC5B00BFFB12 /* Sell It Now */,
			);
		};
/* End PBXProject section */

/* Begin PBXResourcesBuildPhase section */
		1068DC8C1E7EAC5B00BFFB12 /* Resources */ = {
			isa = PBXResourcesBuildPhase;
			buildActionMask = 2147483647;
			files = (
				1068DC9C1E7EAC5B00BFFB12 /* LaunchScreen.storyboard in Resources */,
				1068DC991E7EAC5B00BFFB12 /* Assets.xcassets in Resources */,
				1068DC971E7EAC5B00BFFB12 /* Main.storyboard in Resources */,
			);
			runOnlyForDeploymentPostprocessing = 0;
		};
/* End PBXResourcesBuildPhase section */

/* Begin PBXSourcesBuildPhase section */
		1068DC8A1E7EAC5B00BFFB12 /* Sources */ = {
			isa = PBXSourcesBuildPhase;
			buildActionMask = 2147483647;
			files = (
				1068DC941E7EAC5B00BFFB12 /* ViewController.swift in Sources */,
				1068DC921E7EAC5B00BFFB12 /* AppDelegate.swift in Sources */,
			);
			runOnlyForDeploymentPostprocessing = 0;
		};
/* End PBXSourcesBuildPhase section */

/* Begin PBXVariantGroup section */
		1068DC951E7EAC5B00BFFB12 /* Main.storyboard */ = {
			isa = PBXVariantGroup;
			children = (
				1068DC961E7EAC5B00BFFB12 /* Base */,
			);
			name = Main.storyboard;
			sourceTree = "<group>";
		};
		1068DC9A1E7EAC5B00BFFB12 /* LaunchScreen.storyboard */ = {
			isa = PBXVariantGroup;
			children = (
				1068DC9B1E7EAC5B00BFFB12 /* Base */,
			);
			name = LaunchScreen.storyboard;
			sourceTree = "<group>";
		};
/* End PBXVariantGroup section */

/* Begin XCBuildConfiguration section */
		1068DC9E1E7EAC5B00BFFB12 /* Debug */ = {
			isa = XCBuildConfiguration;
			buildSettings = {
				ALWAYS_SEARCH_USER_PATHS = NO;
				CLANG_ANALYZER_NONNULL = YES;
				CLANG_CXX_LANGUAGE_STANDARD = "gnu++0x";
				CLANG_CXX_LIBRARY = "libc++";
				CLANG_ENABLE_MODULES = YES;
				CLANG_ENABLE_OBJC_ARC = YES;
				CLANG_WARN_BOOL_CONVERSION = YES;
				CLANG_WARN_CONSTANT_CONVERSION = YES;
				CLANG_WARN_DIRECT_OBJC_ISA_USAGE = YES_ERROR;
				CLANG_WARN_DOCUMENTATION_COMMENTS = YES;
				CLANG_WARN_EMPTY_BODY = YES;
				CLANG_WARN_ENUM_CONVERSION = YES;
				CLANG_WARN_INFINITE_RECURSION = YES;
				CLANG_WARN_INT_CONVERSION = YES;
				CLANG_WARN_OBJC_ROOT_CLASS = YES_ERROR;
				CLANG_WARN_SUSPICIOUS_MOVE = YES;
				CLANG_WARN_UNREACHABLE_CODE = YES;
				CLANG_WARN__DUPLICATE_METHOD_MATCH = YES;
				"CODE_SIGN_IDENTITY[sdk=iphoneos*]" = "iPhone Developer";
				COPY_PHASE_STRIP = NO;
				DEBUG_INFORMATION_FORMAT = dwarf;
				ENABLE_STRICT_OBJC_MSGSEND = YES;
				ENABLE_TESTABILITY = YES;
				GCC_C_LANGUAGE_STANDARD = gnu99;
				GCC_DYNAMIC_NO_PIC = NO;
				GCC_NO_COMMON_BLOCKS = YES;
				GCC_OPTIMIZATION_LEVEL = 0;
				GCC_PREPROCESSOR_DEFINITIONS = (
					"DEBUG=1",
					"$(inherited)",
				);
				GCC_WARN_64_TO_32_BIT_CONVERSION = YES;
				GCC_WARN_ABOUT_RETURN_TYPE = YES_ERROR;
				GCC_WARN_UNDECLARED_SELECTOR = YES;
				GCC_WARN_UNINITIALIZED_AUTOS = YES_AGGRESSIVE;
				GCC_WARN_UNUSED_FUNCTION = YES;
				GCC_WARN_UNUSED_VARIABLE = YES;
				IPHONEOS_DEPLOYMENT_TARGET = 10.2;
				MTL_ENABLE_DEBUG_INFO = YES;
				ONLY_ACTIVE_ARCH = YES;
				SDKROOT = iphoneos;
				SWIFT_ACTIVE_COMPILATION_CONDITIONS = DEBUG;
				SWIFT_OPTIMIZATION_LEVEL = "-Onone";
				TARGETED_DEVICE_FAMILY = "1,2";
			};
			name = Debug;
		};
		1068DC9F1E7EAC5B00BFFB12 /* Release */ = {
			isa = XCBuildConfiguration;
			buildSettings = {
				ALWAYS_SEARCH_USER_PATHS = NO;
				CLANG_ANALYZER_NONNULL = YES;
				CLANG_CXX_LANGUAGE_STANDARD = "gnu++0x";
				CLANG_CXX_LIBRARY = "libc++";
				CLANG_ENABLE_MODULES = YES;
				CLANG_ENABLE_OBJC_ARC = YES;
				CLANG_WARN_BOOL_CONVERSION = YES;
				CLANG_WARN_CONSTANT_CONVERSION = YES;
				CLANG_WARN_DIRECT_OBJC_ISA_USAGE = YES_ERROR;
				CLANG_WARN_DOCUMENTATION_COMMENTS = YES;
				CLANG_WARN_EMPTY_BODY = YES;
				CLANG_WARN_ENUM_CONVERSION = YES;
				CLANG_WARN_INFINITE_RECURSION = YES;
				CLANG_WARN_INT_CONVERSION = YES;
				CLANG_WARN_OBJC_ROOT_CLASS = YES_ERROR;
				CLANG_WARN_SUSPICIOUS_MOVE = YES;
				CLANG_WARN_UNREACHABLE_CODE = YES;
				CLANG_WARN__DUPLICATE_METHOD_MATCH = YES;
				"CODE_SIGN_IDENTITY[sdk=iphoneos*]" = "iPhone Developer";
				COPY_PHASE_STRIP = NO;
				DEBUG_INFORMATION_FORMAT = "dwarf-with-dsym";
				ENABLE_NS_ASSERTIONS = NO;
				ENABLE_STRICT_OBJC_MSGSEND = YES;
				GCC_C_LANGUAGE_STANDARD = gnu99;
				GCC_NO_COMMON_BLOCKS = YES;
				GCC_WARN_64_TO_32_BIT_CONVERSION = YES;
				GCC_WARN_ABOUT_RETURN_TYPE = YES_ERROR;
				GCC_WARN_UNDECLARED_SELECTOR = YES;
				GCC_WARN_UNINITIALIZED_AUTOS = YES_AGGRESSIVE;
				GCC_WARN_UNUSED_FUNCTION = YES;
				GCC_WARN_UNUSED_VARIABLE = YES;
				IPHONEOS_DEPLOYMENT_TARGET = 10.2;
				MTL_ENABLE_DEBUG_INFO = NO;
				SDKROOT = iphoneos;
				SWIFT_OPTIMIZATION_LEVEL = "-Owholemodule";
				TARGETED_DEVICE_FAMILY = "1,2";
				VALIDATE_PRODUCT = YES;
			};
			name = Release;
		};
		1068DCA11E7EAC5B00BFFB12 /* Debug */ = {
			isa = XCBuildConfiguration;
			buildSettings = {
				ASSETCATALOG_COMPILER_APPICON_NAME = AppIcon;
				FRAMEWORK_SEARCH_PATHS = (
					"$(inherited)",
					"$(PROJECT_DIR)/Carthage/Build/iOS",
				);
				INFOPLIST_FILE = "Sell It Now/Info.plist";
				LD_RUNPATH_SEARCH_PATHS = "$(inherited) @executable_path/Frameworks";
				PRODUCT_BUNDLE_IDENTIFIER = "DTU.Sell-It-Now";
				PRODUCT_NAME = "$(TARGET_NAME)";
				SWIFT_VERSION = 3.0;
			};
			name = Debug;
		};
		1068DCA21E7EAC5B00BFFB12 /* Release */ = {
			isa = XCBuildConfiguration;
			buildSettings = {
				ASSETCATALOG_COMPILER_APPICON_NAME = AppIcon;
				FRAMEWORK_SEARCH_PATHS = (
					"$(inherited)",
					"$(PROJECT_DIR)/Carthage/Build/iOS",
				);
				INFOPLIST_FILE = "Sell It Now/Info.plist";
				LD_RUNPATH_SEARCH_PATHS = "$(inherited) @executable_path/Frameworks";
				PRODUCT_BUNDLE_IDENTIFIER = "DTU.Sell-It-Now";
				PRODUCT_NAME = "$(TARGET_NAME)";
				SWIFT_VERSION = 3.0;
			};
			name = Release;
		};
/* End XCBuildConfiguration section */

/* Begin XCConfigurationList section */
		1068DC891E7EAC5B00BFFB12 /* Build configuration list for PBXProject "Sell It Now" */ = {
			isa = XCConfigurationList;
			buildConfigurations = (
				1068DC9E1E7EAC5B00BFFB12 /* Debug */,
				1068DC9F1E7EAC5B00BFFB12 /* Release */,
			);
			defaultConfigurationIsVisible = 0;
			defaultConfigurationName = Release;
		};
		1068DCA01E7EAC5B00BFFB12 /* Build configuration list for PBXNativeTarget "Sell It Now" */ = {
			isa = XCConfigurationList;
			buildConfigurations = (
				1068DCA11E7EAC5B00BFFB12 /* Debug */,
				1068DCA21E7EAC5B00BFFB12 /* Release */,
			);
			defaultConfigurationIsVisible = 0;
			defaultConfigurationName = Release;
		};
/* End XCConfigurationList section */
	};
	rootObject = 1068DC861E7EAC5B00BFFB12 /* Project object */;
}
